
Microsoft Visual Studio Solution File, Format Version 12.00
# Visual Studio 15
VisualStudioVersion = 15.0.28307.329
MinimumVisualStudioVersion = 10.0.40219.1
Project("{FAE04EC0-301F-11D3-BF4B-00C04F79EFBC}") = "SinglePageAppWithAngularjs", "SinglePageAppWithAngularjs\SinglePageAppWithAngularjs.csproj", "{E7B3ABEA-707E-4CF3-8715-DBEFB54352B9}"
EndProject
Global
	GlobalSection(SolutionConfigurationPlatforms) = preSolution
		Debug|Any CPU = Debug|Any CPU
		Release|Any CPU = Release|Any CPU
	EndGlobalSection
	GlobalSection(ProjectConfigurationPlatforms) = postSolution
		{E7B3ABEA-707E-4CF3-8715-DBEFB54352B9}.Debug|Any CPU.ActiveCfg = Debug|Any CPU
		{E7B3ABEA-707E-4CF3-8715-DBEFB54352B9}.Debug|Any CPU.Build.0 = Debug|Any CPU
		{E7B3ABEA-707E-4CF3-8715-DBEFB54352B9}.Release|Any CPU.ActiveCfg = Release|Any CPU
		{E7B3ABEA-707E-4CF3-8715-DBEFB54352B9}.Release|Any CPU.Build.0 = Release|Any CPU
	EndGlobalSection
	GlobalSection(SolutionProperties) = preSolution
		HideSolutionNode = FALSE
	EndGlobalSection
	GlobalSection(ExtensibilityGlobals) = postSolution
		SolutionGuid = {51A6314C-0B13-4545-BCE6-EABCABE291E6}
	EndGlobalSection
EndGlobal
